
Microsoft Visual Studio Solution File, Format Version 12.00
Project("{2150E333-8FDC-42A3-9474-1A3956D46DE8}") = "ContentImporter", "ContentImporter", "{699978B3-84BA-476F-BD91-DA501FFB68F4}"
EndProject
Project("{2150E333-8FDC-42A3-9474-1A3956D46DE8}") = "Content", "Content", "{46E043DA-0C79-4F30-AB0A-33F746BBB52A}"
EndProject
Project("{FAE04EC0-301F-11D3-BF4B-00C04F79EFBC}") = "Lawify.Content.Api", "Content\Lawify.Content.Api\Lawify.Content.Api.csproj", "{05E2275C-AF9C-4BD2-88B6-43665996EC6A}"
EndProject
Project("{2150E333-8FDC-42A3-9474-1A3956D46DE8}") = "ContentDispatchingProcessor", "ContentDispatchingProcessor", "{07606E2A-54E6-42AA-80D8-1795412CE88B}"
EndProject
Project("{FAE04EC0-301F-11D3-BF4B-00C04F79EFBC}") = "Lawify.ContentDispatchingProcessor", "ContentDispatchingProcessor\Lawify.ContentDispatchingProcessor\Lawify.ContentDispatchingProcessor.csproj", "{3F3417E1-938C-4C47-A9F3-24211D07F472}"
EndProject
Project("{2150E333-8FDC-42A3-9474-1A3956D46DE8}") = "Search", "Search", "{3C00B949-F42E-4875-ACE7-C5AD0DB9A333}"
EndProject
Project("{FAE04EC0-301F-11D3-BF4B-00C04F79EFBC}") = "Lawify.Search.Api", "Search\Lawify.Search.Api\Lawify.Search.Api.csproj", "{0848FA9A-C3C0-4B8C-85A8-A7123EEDE77F}"
EndProject
Project("{2150E333-8FDC-42A3-9474-1A3956D46DE8}") = "Common", "Common", "{65BF14B8-DA5C-42DA-B289-FC2814F7B099}"
EndProject
Project("{FAE04EC0-301F-11D3-BF4B-00C04F79EFBC}") = "Lawify.Common", "Common\Lawify.Common\Lawify.Common.csproj", "{64F49070-C8E3-4056-A414-3553FCA54A05}"
EndProject
Project("{2150E333-8FDC-42A3-9474-1A3956D46DE8}") = "Identity", "Identity", "{10B81303-4159-4EBB-9643-CE481A7B8F52}"
EndProject
Project("{FAE04EC0-301F-11D3-BF4B-00C04F79EFBC}") = "Lawify.Identity.Api", "Identity\Lawify.Identity.Api\Lawify.Identity.Api.csproj", "{199521B1-760A-4E0B-9A3B-F9E387BF7FAB}"
EndProject
Project("{FAE04EC0-301F-11D3-BF4B-00C04F79EFBC}") = "Lawify.Messaging.Events", "Common\Lawify.Messaging.Events\Lawify.Messaging.Events.csproj", "{50875545-9721-4FE3-BE68-09CF64E63F13}"
EndProject
Project("{2150E333-8FDC-42A3-9474-1A3956D46DE8}") = "Crawlers", "Crawlers", "{A70DC9BC-70BE-46E2-AA88-DE534BEF6EC7}"
EndProject
Project("{2150E333-8FDC-42A3-9474-1A3956D46DE8}") = "ThirdPartyImporters", "ThirdPartyImporters", "{6B333675-4BAA-4ED8-81A3-973949C2654C}"
EndProject
Project("{FAE04EC0-301F-11D3-BF4B-00C04F79EFBC}") = "Lawify.LawsScrapper", "ContentImporter\Crawlers\Lawify.LawsScrapper\Lawify.LawsScrapper.csproj", "{6B96B7C5-DB85-4D55-987E-CE6CF3A28A75}"
EndProject
Project("{FAE04EC0-301F-11D3-BF4B-00C04F79EFBC}") = "Lawify.ThirdPartyImport", "ContentImporter\ThirdPartyImporters\Lawify.ThirdPartyImport\Lawify.ThirdPartyImport.csproj", "{0B6FE7C9-0867-4B9E-9103-02A6E77625C4}"
EndProject
Global
	GlobalSection(SolutionConfigurationPlatforms) = preSolution
		Debug|Any CPU = Debug|Any CPU
		Release|Any CPU = Release|Any CPU
	EndGlobalSection
	GlobalSection(ProjectConfigurationPlatforms) = postSolution
		{05E2275C-AF9C-4BD2-88B6-43665996EC6A}.Debug|Any CPU.ActiveCfg = Debug|Any CPU
		{05E2275C-AF9C-4BD2-88B6-43665996EC6A}.Debug|Any CPU.Build.0 = Debug|Any CPU
		{05E2275C-AF9C-4BD2-88B6-43665996EC6A}.Release|Any CPU.ActiveCfg = Release|Any CPU
		{05E2275C-AF9C-4BD2-88B6-43665996EC6A}.Release|Any CPU.Build.0 = Release|Any CPU
		{3F3417E1-938C-4C47-A9F3-24211D07F472}.Debug|Any CPU.ActiveCfg = Debug|Any CPU
		{3F3417E1-938C-4C47-A9F3-24211D07F472}.Debug|Any CPU.Build.0 = Debug|Any CPU
		{3F3417E1-938C-4C47-A9F3-24211D07F472}.Release|Any CPU.ActiveCfg = Release|Any CPU
		{3F3417E1-938C-4C47-A9F3-24211D07F472}.Release|Any CPU.Build.0 = Release|Any CPU
		{0848FA9A-C3C0-4B8C-85A8-A7123EEDE77F}.Debug|Any CPU.ActiveCfg = Debug|Any CPU
		{0848FA9A-C3C0-4B8C-85A8-A7123EEDE77F}.Debug|Any CPU.Build.0 = Debug|Any CPU
		{0848FA9A-C3C0-4B8C-85A8-A7123EEDE77F}.Release|Any CPU.ActiveCfg = Release|Any CPU
		{0848FA9A-C3C0-4B8C-85A8-A7123EEDE77F}.Release|Any CPU.Build.0 = Release|Any CPU
		{64F49070-C8E3-4056-A414-3553FCA54A05}.Debug|Any CPU.ActiveCfg = Debug|Any CPU
		{64F49070-C8E3-4056-A414-3553FCA54A05}.Debug|Any CPU.Build.0 = Debug|Any CPU
		{64F49070-C8E3-4056-A414-3553FCA54A05}.Release|Any CPU.ActiveCfg = Release|Any CPU
		{64F49070-C8E3-4056-A414-3553FCA54A05}.Release|Any CPU.Build.0 = Release|Any CPU
		{199521B1-760A-4E0B-9A3B-F9E387BF7FAB}.Debug|Any CPU.ActiveCfg = Debug|Any CPU
		{199521B1-760A-4E0B-9A3B-F9E387BF7FAB}.Debug|Any CPU.Build.0 = Debug|Any CPU
		{199521B1-760A-4E0B-9A3B-F9E387BF7FAB}.Release|Any CPU.ActiveCfg = Release|Any CPU
		{199521B1-760A-4E0B-9A3B-F9E387BF7FAB}.Release|Any CPU.Build.0 = Release|Any CPU
		{50875545-9721-4FE3-BE68-09CF64E63F13}.Debug|Any CPU.ActiveCfg = Debug|Any CPU
		{50875545-9721-4FE3-BE68-09CF64E63F13}.Debug|Any CPU.Build.0 = Debug|Any CPU
		{50875545-9721-4FE3-BE68-09CF64E63F13}.Release|Any CPU.ActiveCfg = Release|Any CPU
		{50875545-9721-4FE3-BE68-09CF64E63F13}.Release|Any CPU.Build.0 = Release|Any CPU
		{6B96B7C5-DB85-4D55-987E-CE6CF3A28A75}.Debug|Any CPU.ActiveCfg = Debug|Any CPU
		{6B96B7C5-DB85-4D55-987E-CE6CF3A28A75}.Debug|Any CPU.Build.0 = Debug|Any CPU
		{6B96B7C5-DB85-4D55-987E-CE6CF3A28A75}.Release|Any CPU.ActiveCfg = Release|Any CPU
		{6B96B7C5-DB85-4D55-987E-CE6CF3A28A75}.Release|Any CPU.Build.0 = Release|Any CPU
		{0B6FE7C9-0867-4B9E-9103-02A6E77625C4}.Debug|Any CPU.ActiveCfg = Debug|Any CPU
		{0B6FE7C9-0867-4B9E-9103-02A6E77625C4}.Debug|Any CPU.Build.0 = Debug|Any CPU
		{0B6FE7C9-0867-4B9E-9103-02A6E77625C4}.Release|Any CPU.ActiveCfg = Release|Any CPU
		{0B6FE7C9-0867-4B9E-9103-02A6E77625C4}.Release|Any CPU.Build.0 = Release|Any CPU
	EndGlobalSection
	GlobalSection(NestedProjects) = preSolution
		{05E2275C-AF9C-4BD2-88B6-43665996EC6A} = {46E043DA-0C79-4F30-AB0A-33F746BBB52A}
		{3F3417E1-938C-4C47-A9F3-24211D07F472} = {07606E2A-54E6-42AA-80D8-1795412CE88B}
		{0848FA9A-C3C0-4B8C-85A8-A7123EEDE77F} = {3C00B949-F42E-4875-ACE7-C5AD0DB9A333}
		{64F49070-C8E3-4056-A414-3553FCA54A05} = {65BF14B8-DA5C-42DA-B289-FC2814F7B099}
		{199521B1-760A-4E0B-9A3B-F9E387BF7FAB} = {10B81303-4159-4EBB-9643-CE481A7B8F52}
		{50875545-9721-4FE3-BE68-09CF64E63F13} = {65BF14B8-DA5C-42DA-B289-FC2814F7B099}
		{A70DC9BC-70BE-46E2-AA88-DE534BEF6EC7} = {699978B3-84BA-476F-BD91-DA501FFB68F4}
		{6B333675-4BAA-4ED8-81A3-973949C2654C} = {699978B3-84BA-476F-BD91-DA501FFB68F4}
		{6B96B7C5-DB85-4D55-987E-CE6CF3A28A75} = {A70DC9BC-70BE-46E2-AA88-DE534BEF6EC7}
		{0B6FE7C9-0867-4B9E-9103-02A6E77625C4} = {6B333675-4BAA-4ED8-81A3-973949C2654C}
	EndGlobalSection
EndGlobal
